
Microsoft Visual Studio Solution File, Format Version 12.00
# Visual Studio 14
VisualStudioVersion = 14.0.25420.1
MinimumVisualStudioVersion = 10.0.40219.1
Project("{2150E333-8FDC-42A3-9474-1A3956D46DE8}") = "0 - Modeling", "0 - Modeling", "{8E50FD62-05F1-4BAC-BE87-2044AD4F290E}"
EndProject
Project("{2150E333-8FDC-42A3-9474-1A3956D46DE8}") = "2 - Management", "2 - Management", "{336F0D01-4469-42A9-8C87-DB2F7BBB1233}"
EndProject
Project("{2150E333-8FDC-42A3-9474-1A3956D46DE8}") = "1 - Layers", "1 - Layers", "{4C483FD3-7A3F-4A9C-902B-DF3681632048}"
EndProject
Project("{2150E333-8FDC-42A3-9474-1A3956D46DE8}") = "3 - WebSite", "3 - WebSite", "{5DFD30EA-464C-4D5B-9600-4C5163852A0C}"
EndProject
Project("{2150E333-8FDC-42A3-9474-1A3956D46DE8}") = "1 - Common", "1 - Common", "{004BCB1E-6B6A-42D0-A331-926344ACE1BA}"
EndProject
Project("{2150E333-8FDC-42A3-9474-1A3956D46DE8}") = "4 - Database", "4 - Database", "{3C138ACF-601F-4D63-ABE7-D5B6DE0880E6}"
EndProject
Project("{2150E333-8FDC-42A3-9474-1A3956D46DE8}") = "1 - Presentation", "1 - Presentation", "{CA0E5F29-280C-4723-B71B-781F6429D9DB}"
EndProject
Project("{2150E333-8FDC-42A3-9474-1A3956D46DE8}") = "2 - Services", "2 - Services", "{FB06EE33-B6BD-47EA-9C9D-449EFA2F0E5A}"
EndProject
Project("{2150E333-8FDC-42A3-9474-1A3956D46DE8}") = "3 - Application", "3 - Application", "{BFD06B14-F5F5-4655-9185-B108EF0A91A0}"
EndProject
Project("{2150E333-8FDC-42A3-9474-1A3956D46DE8}") = "4 - Domain", "4 - Domain", "{09ADE1BC-80A0-45F3-8612-7F68C10C94EC}"
EndProject
Project("{2150E333-8FDC-42A3-9474-1A3956D46DE8}") = "5 - Infrastructure", "5 - Infrastructure", "{BBA7DC20-446A-4C9E-A01C-367425F119EE}"
EndProject
Project("{2150E333-8FDC-42A3-9474-1A3956D46DE8}") = "2 - Tests", "2 - Tests", "{7109BC6E-E973-430D-85BE-3EDD22040F26}"
EndProject
Project("{2150E333-8FDC-42A3-9474-1A3956D46DE8}") = "1 - Presentation", "1 - Presentation", "{53867280-E722-4936-80EF-1B7A353F44E9}"
EndProject
Project("{2150E333-8FDC-42A3-9474-1A3956D46DE8}") = "2 - Services", "2 - Services", "{596BCF50-2E5E-44C2-880F-F2B9841CC4DB}"
EndProject
Project("{2150E333-8FDC-42A3-9474-1A3956D46DE8}") = "3 - Application", "3 - Application", "{7C10C36D-9D0D-4F32-B724-A8034642EEA5}"
EndProject
Project("{2150E333-8FDC-42A3-9474-1A3956D46DE8}") = "4 - Domain", "4 - Domain", "{0F569DEA-89D1-4334-B975-C83858C3FA32}"
EndProject
Project("{2150E333-8FDC-42A3-9474-1A3956D46DE8}") = "5 - Infrastructure", "5 - Infrastructure", "{A8100398-C7C0-43C9-98DD-46A52E3EEC34}"
EndProject
Project("{FAE04EC0-301F-11D3-BF4B-00C04F79EFBC}") = "Infrastructure.Utils", "Infrastructure.Utils\Infrastructure.Utils.csproj", "{17ABB20F-7FFB-439A-89AC-111B979780AC}"
EndProject
Project("{FAE04EC0-301F-11D3-BF4B-00C04F79EFBC}") = "School.Management.Infrastructure.DataAccess", "Schoo.Management.Infrastructure.DataAccess\School.Management.Infrastructure.DataAccess.csproj", "{3ECB3679-5144-49D3-B641-0D4382C45FC4}"
EndProject
Project("{FAE04EC0-301F-11D3-BF4B-00C04F79EFBC}") = "School.Management.Domain.Entities", "Schoo.Management.Domain.Entities\School.Management.Domain.Entities.csproj", "{D409CB49-45AE-47AD-A38E-5EAC33F52528}"
EndProject
Project("{FAE04EC0-301F-11D3-BF4B-00C04F79EFBC}") = "School.Management.Domain.Contracts", "Schoo.Management.Domain.Contracts\School.Management.Domain.Contracts.csproj", "{3D666CFD-D1C5-453D-8AF5-4020EA67F351}"
EndProject
Project("{FAE04EC0-301F-11D3-BF4B-00C04F79EFBC}") = "School.Management.Domain.Entities.Tests", "Schoo.Management.Domain.Entities.Tests\School.Management.Domain.Entities.Tests.csproj", "{DE4DD87A-C142-43C6-8BE8-EB251CA4CDC0}"
EndProject
Project("{FAE04EC0-301F-11D3-BF4B-00C04F79EFBC}") = "School.Management.Application.Contracts", "Schoo.Management.Application.Contracts\School.Management.Application.Contracts.csproj", "{78A0FA4E-82F1-4D9A-A2BF-E3126AE23A99}"
EndProject
Project("{FAE04EC0-301F-11D3-BF4B-00C04F79EFBC}") = "School.Management.Application.Implementation", "Schoo.Management.Application.Implementation\School.Management.Application.Implementation.csproj", "{C4590E3F-A582-4F50-8064-F74FFD036A88}"
EndProject
Project("{FAE04EC0-301F-11D3-BF4B-00C04F79EFBC}") = "School.FullData", "School.FullData\School.FullData.csproj", "{7B0C6DAF-EB0F-4921-97CD-E8233B5C6EB8}"
EndProject
Project("{FAE04EC0-301F-11D3-BF4B-00C04F79EFBC}") = "School.Management.Services.Contracts", "School.Management.Services.Contracts\School.Management.Services.Contracts.csproj", "{9394ABDB-51C0-4457-A0B1-E6141A83C770}"
EndProject
Project("{FAE04EC0-301F-11D3-BF4B-00C04F79EFBC}") = "School.Management.Services.Implementation", "School.Management.Services.Implementation\School.Management.Services.Implementation.csproj", "{991787BD-9352-4011-8F19-50DF4165F997}"
EndProject
Project("{FAE04EC0-301F-11D3-BF4B-00C04F79EFBC}") = "School.Management.Presentation.Console", "School.Management.Presentation.Console\School.Management.Presentation.Console.csproj", "{A55BFA50-BAFA-4F28-933B-719E90BE21D0}"
EndProject
Global
	GlobalSection(SolutionConfigurationPlatforms) = preSolution
		Debug|Any CPU = Debug|Any CPU
		Release|Any CPU = Release|Any CPU
	EndGlobalSection
	GlobalSection(ProjectConfigurationPlatforms) = postSolution
		{17ABB20F-7FFB-439A-89AC-111B979780AC}.Debug|Any CPU.ActiveCfg = Debug|Any CPU
		{17ABB20F-7FFB-439A-89AC-111B979780AC}.Debug|Any CPU.Build.0 = Debug|Any CPU
		{17ABB20F-7FFB-439A-89AC-111B979780AC}.Release|Any CPU.ActiveCfg = Release|Any CPU
		{17ABB20F-7FFB-439A-89AC-111B979780AC}.Release|Any CPU.Build.0 = Release|Any CPU
		{3ECB3679-5144-49D3-B641-0D4382C45FC4}.Debug|Any CPU.ActiveCfg = Debug|Any CPU
		{3ECB3679-5144-49D3-B641-0D4382C45FC4}.Debug|Any CPU.Build.0 = Debug|Any CPU
		{3ECB3679-5144-49D3-B641-0D4382C45FC4}.Release|Any CPU.ActiveCfg = Release|Any CPU
		{3ECB3679-5144-49D3-B641-0D4382C45FC4}.Release|Any CPU.Build.0 = Release|Any CPU
		{D409CB49-45AE-47AD-A38E-5EAC33F52528}.Debug|Any CPU.ActiveCfg = Debug|Any CPU
		{D409CB49-45AE-47AD-A38E-5EAC33F52528}.Debug|Any CPU.Build.0 = Debug|Any CPU
		{D409CB49-45AE-47AD-A38E-5EAC33F52528}.Release|Any CPU.ActiveCfg = Release|Any CPU
		{D409CB49-45AE-47AD-A38E-5EAC33F52528}.Release|Any CPU.Build.0 = Release|Any CPU
		{3D666CFD-D1C5-453D-8AF5-4020EA67F351}.Debug|Any CPU.ActiveCfg = Debug|Any CPU
		{3D666CFD-D1C5-453D-8AF5-4020EA67F351}.Debug|Any CPU.Build.0 = Debug|Any CPU
		{3D666CFD-D1C5-453D-8AF5-4020EA67F351}.Release|Any CPU.ActiveCfg = Release|Any CPU
		{3D666CFD-D1C5-453D-8AF5-4020EA67F351}.Release|Any CPU.Build.0 = Release|Any CPU
		{DE4DD87A-C142-43C6-8BE8-EB251CA4CDC0}.Debug|Any CPU.ActiveCfg = Debug|Any CPU
		{DE4DD87A-C142-43C6-8BE8-EB251CA4CDC0}.Debug|Any CPU.Build.0 = Debug|Any CPU
		{DE4DD87A-C142-43C6-8BE8-EB251CA4CDC0}.Release|Any CPU.ActiveCfg = Release|Any CPU
		{DE4DD87A-C142-43C6-8BE8-EB251CA4CDC0}.Release|Any CPU.Build.0 = Release|Any CPU
		{78A0FA4E-82F1-4D9A-A2BF-E3126AE23A99}.Debug|Any CPU.ActiveCfg = Debug|Any CPU
		{78A0FA4E-82F1-4D9A-A2BF-E3126AE23A99}.Debug|Any CPU.Build.0 = Debug|Any CPU
		{78A0FA4E-82F1-4D9A-A2BF-E3126AE23A99}.Release|Any CPU.ActiveCfg = Release|Any CPU
		{78A0FA4E-82F1-4D9A-A2BF-E3126AE23A99}.Release|Any CPU.Build.0 = Release|Any CPU
		{C4590E3F-A582-4F50-8064-F74FFD036A88}.Debug|Any CPU.ActiveCfg = Debug|Any CPU
		{C4590E3F-A582-4F50-8064-F74FFD036A88}.Debug|Any CPU.Build.0 = Debug|Any CPU
		{C4590E3F-A582-4F50-8064-F74FFD036A88}.Release|Any CPU.ActiveCfg = Release|Any CPU
		{C4590E3F-A582-4F50-8064-F74FFD036A88}.Release|Any CPU.Build.0 = Release|Any CPU
		{7B0C6DAF-EB0F-4921-97CD-E8233B5C6EB8}.Debug|Any CPU.ActiveCfg = Debug|Any CPU
		{7B0C6DAF-EB0F-4921-97CD-E8233B5C6EB8}.Debug|Any CPU.Build.0 = Debug|Any CPU
		{7B0C6DAF-EB0F-4921-97CD-E8233B5C6EB8}.Release|Any CPU.ActiveCfg = Release|Any CPU
		{7B0C6DAF-EB0F-4921-97CD-E8233B5C6EB8}.Release|Any CPU.Build.0 = Release|Any CPU
		{9394ABDB-51C0-4457-A0B1-E6141A83C770}.Debug|Any CPU.ActiveCfg = Debug|Any CPU
		{9394ABDB-51C0-4457-A0B1-E6141A83C770}.Debug|Any CPU.Build.0 = Debug|Any CPU
		{9394ABDB-51C0-4457-A0B1-E6141A83C770}.Release|Any CPU.ActiveCfg = Release|Any CPU
		{9394ABDB-51C0-4457-A0B1-E6141A83C770}.Release|Any CPU.Build.0 = Release|Any CPU
		{991787BD-9352-4011-8F19-50DF4165F997}.Debug|Any CPU.ActiveCfg = Debug|Any CPU
		{991787BD-9352-4011-8F19-50DF4165F997}.Debug|Any CPU.Build.0 = Debug|Any CPU
		{991787BD-9352-4011-8F19-50DF4165F997}.Release|Any CPU.ActiveCfg = Release|Any CPU
		{991787BD-9352-4011-8F19-50DF4165F997}.Release|Any CPU.Build.0 = Release|Any CPU
		{A55BFA50-BAFA-4F28-933B-719E90BE21D0}.Debug|Any CPU.ActiveCfg = Debug|Any CPU
		{A55BFA50-BAFA-4F28-933B-719E90BE21D0}.Debug|Any CPU.Build.0 = Debug|Any CPU
		{A55BFA50-BAFA-4F28-933B-719E90BE21D0}.Release|Any CPU.ActiveCfg = Release|Any CPU
		{A55BFA50-BAFA-4F28-933B-719E90BE21D0}.Release|Any CPU.Build.0 = Release|Any CPU
	EndGlobalSection
	GlobalSection(SolutionProperties) = preSolution
		HideSolutionNode = FALSE
	EndGlobalSection
	GlobalSection(NestedProjects) = preSolution
		{4C483FD3-7A3F-4A9C-902B-DF3681632048} = {336F0D01-4469-42A9-8C87-DB2F7BBB1233}
		{CA0E5F29-280C-4723-B71B-781F6429D9DB} = {4C483FD3-7A3F-4A9C-902B-DF3681632048}
		{FB06EE33-B6BD-47EA-9C9D-449EFA2F0E5A} = {4C483FD3-7A3F-4A9C-902B-DF3681632048}
		{BFD06B14-F5F5-4655-9185-B108EF0A91A0} = {4C483FD3-7A3F-4A9C-902B-DF3681632048}
		{09ADE1BC-80A0-45F3-8612-7F68C10C94EC} = {4C483FD3-7A3F-4A9C-902B-DF3681632048}
		{BBA7DC20-446A-4C9E-A01C-367425F119EE} = {4C483FD3-7A3F-4A9C-902B-DF3681632048}
		{7109BC6E-E973-430D-85BE-3EDD22040F26} = {336F0D01-4469-42A9-8C87-DB2F7BBB1233}
		{53867280-E722-4936-80EF-1B7A353F44E9} = {7109BC6E-E973-430D-85BE-3EDD22040F26}
		{596BCF50-2E5E-44C2-880F-F2B9841CC4DB} = {7109BC6E-E973-430D-85BE-3EDD22040F26}
		{7C10C36D-9D0D-4F32-B724-A8034642EEA5} = {7109BC6E-E973-430D-85BE-3EDD22040F26}
		{0F569DEA-89D1-4334-B975-C83858C3FA32} = {7109BC6E-E973-430D-85BE-3EDD22040F26}
		{A8100398-C7C0-43C9-98DD-46A52E3EEC34} = {7109BC6E-E973-430D-85BE-3EDD22040F26}
		{17ABB20F-7FFB-439A-89AC-111B979780AC} = {004BCB1E-6B6A-42D0-A331-926344ACE1BA}
		{3ECB3679-5144-49D3-B641-0D4382C45FC4} = {BBA7DC20-446A-4C9E-A01C-367425F119EE}
		{D409CB49-45AE-47AD-A38E-5EAC33F52528} = {09ADE1BC-80A0-45F3-8612-7F68C10C94EC}
		{3D666CFD-D1C5-453D-8AF5-4020EA67F351} = {09ADE1BC-80A0-45F3-8612-7F68C10C94EC}
		{DE4DD87A-C142-43C6-8BE8-EB251CA4CDC0} = {0F569DEA-89D1-4334-B975-C83858C3FA32}
		{78A0FA4E-82F1-4D9A-A2BF-E3126AE23A99} = {BFD06B14-F5F5-4655-9185-B108EF0A91A0}
		{C4590E3F-A582-4F50-8064-F74FFD036A88} = {BFD06B14-F5F5-4655-9185-B108EF0A91A0}
		{7B0C6DAF-EB0F-4921-97CD-E8233B5C6EB8} = {3C138ACF-601F-4D63-ABE7-D5B6DE0880E6}
		{9394ABDB-51C0-4457-A0B1-E6141A83C770} = {FB06EE33-B6BD-47EA-9C9D-449EFA2F0E5A}
		{991787BD-9352-4011-8F19-50DF4165F997} = {FB06EE33-B6BD-47EA-9C9D-449EFA2F0E5A}
		{A55BFA50-BAFA-4F28-933B-719E90BE21D0} = {CA0E5F29-280C-4723-B71B-781F6429D9DB}
	EndGlobalSection
EndGlobal
